
Microsoft Visual Studio Solution File, Format Version 12.00
# Visual Studio 15
Project("{FAE04EC0-301F-11D3-BF4B-00C04F79EFBC}") = "Assembly-CSharp", "Assembly-CSharp.csproj", "{F5D1C691-D201-18E3-A4D0-B4DDEE9C10A2}"
EndProject
Project("{FAE04EC0-301F-11D3-BF4B-00C04F79EFBC}") = "Assembly-CSharp-Editor", "Assembly-CSharp-Editor.csproj", "{4539FFA0-5FD6-3652-E7F3-79AF0916FB43}"
EndProject
Global
	GlobalSection(SolutionConfigurationPlatforms) = preSolution
		Debug|Any CPU = Debug|Any CPU
		Release|Any CPU = Release|Any CPU
	EndGlobalSection
	GlobalSection(ProjectConfigurationPlatforms) = postSolution
		{F5D1C691-D201-18E3-A4D0-B4DDEE9C10A2}.Debug|Any CPU.ActiveCfg = Debug|Any CPU
		{F5D1C691-D201-18E3-A4D0-B4DDEE9C10A2}.Debug|Any CPU.Build.0 = Debug|Any CPU
		{F5D1C691-D201-18E3-A4D0-B4DDEE9C10A2}.Release|Any CPU.ActiveCfg = Release|Any CPU
		{F5D1C691-D201-18E3-A4D0-B4DDEE9C10A2}.Release|Any CPU.Build.0 = Release|Any CPU
		{4539FFA0-5FD6-3652-E7F3-79AF0916FB43}.Debug|Any CPU.ActiveCfg = Debug|Any CPU
		{4539FFA0-5FD6-3652-E7F3-79AF0916FB43}.Debug|Any CPU.Build.0 = Debug|Any CPU
		{4539FFA0-5FD6-3652-E7F3-79AF0916FB43}.Release|Any CPU.ActiveCfg = Release|Any CPU
		{4539FFA0-5FD6-3652-E7F3-79AF0916FB43}.Release|Any CPU.Build.0 = Release|Any CPU
	EndGlobalSection
	GlobalSection(SolutionProperties) = preSolution
		HideSolutionNode = FALSE
	EndGlobalSection
EndGlobal
